Microsoft Visual Studio Solution File, Format Version 12.00
# Visual Studio Version 16
VisualStudioVersion = 16.0.29009.5
MinimumVisualStudioVersion = 10.0.40219.1
Project("{2150E333-8FDC-42A3-9474-1A3956D46DE8}") = ".paket", ".paket", "{63297B98-5CED-492C-A5B7-A5B4F73CF142}"
	ProjectSection(SolutionItems) = preProject
		Nuget.Config = Nuget.Config
		paket.dependencies = paket.dependencies
		paket.lock = paket.lock
		paket.references = paket.references
	EndProjectSection
EndProject
Project("{2150E333-8FDC-42A3-9474-1A3956D46DE8}") = "project", "project", "{BF60BC93-E09B-4E5F-9D85-95A519479D54}"
	ProjectSection(SolutionItems) = preProject
		.editorconfig = .editorconfig
		.github\ISSUE_TEMPLATE\BUG_REPORT.md = .github\ISSUE_TEMPLATE\BUG_REPORT.md
		.github\ISSUE_TEMPLATE\FEATURE_REQUEST.md = .github\ISSUE_TEMPLATE\FEATURE_REQUEST.md
		.github\PULL_REQUEST_TEMPLATE.md = .github\PULL_REQUEST_TEMPLATE.md
		README.md = README.md
		RELEASE_NOTES.md = RELEASE_NOTES.md
	EndProjectSection
EndProject
Project("{2150E333-8FDC-42A3-9474-1A3956D46DE8}") = "git", "git", "{078A9C52-DDC1-46F4-9235-9E6C89C87AFD}"
	ProjectSection(SolutionItems) = preProject
		.gitattributes = .gitattributes
		.gitignore = .gitignore
	EndProjectSection
EndProject
Project("{2150E333-8FDC-42A3-9474-1A3956D46DE8}") = ".build", ".build", "{7C6D08E7-3EAC-4335-8F4B-252C193C27C9}"
	ProjectSection(SolutionItems) = preProject
		build.cmd = build.cmd
		build.fsx = build.fsx
		build.proj = build.proj
		build.sh = build.sh
	EndProjectSection
EndProject
Project("{2150E333-8FDC-42A3-9474-1A3956D46DE8}") = "tools", "tools", "{55637037-300B-4FA5-8D14-B2CECCCD4B0D}"
EndProject
Project("{6EC3EE1D-3C4E-46DD-8F32-0CC8E7565705}") = "tools", "tools\tools.fsproj", "{E03A3045-EEAB-4616-B0D8-A50A1B75F72B}"
EndProject
Project("{2150E333-8FDC-42A3-9474-1A3956D46DE8}") = "web", "web", "{7F29BFE8-02B3-4763-838C-3D8228334B4B}"
	ProjectSection(SolutionItems) = preProject
		.yarnrc = .yarnrc
		package.json = package.json
		publish.js = publish.js
	EndProjectSection
EndProject
Project("{6EC3EE1D-3C4E-46DD-8F32-0CC8E7565705}") = "Fable.ReactTestingLibrary", "src\Fable.ReactTestingLibrary\Fable.ReactTestingLibrary.fsproj", "{3211E1F1-10C7-4AA3-B951-8DA251755B91}"
EndProject
Project("{2150E333-8FDC-42A3-9474-1A3956D46DE8}") = "tests", "tests", "{27F9F1A6-C6B4-4539-B013-8549B4A6E1B5}"
EndProject
Project("{6EC3EE1D-3C4E-46DD-8F32-0CC8E7565705}") = "Fable.Jester.Tests", "tests\Fable.Jester.Tests\Fable.Jester.Tests.fsproj", "{062D545C-F718-4DFA-85B6-0860B4D827C1}"
EndProject
Project("{6EC3EE1D-3C4E-46DD-8F32-0CC8E7565705}") = "Fable.ReactTestingLibrary.Tests", "tests\Fable.ReactTestingLibrary.Tests\Fable.ReactTestingLibrary.Tests.fsproj", "{3280C17D-521D-425D-83FD-C7DB65AFDA84}"
EndProject
Project("{6EC3EE1D-3C4E-46DD-8F32-0CC8E7565705}") = "Fable.Jester", "src\Fable.Jester\Fable.Jester.fsproj", "{35FF5782-AC72-411E-AE42-9401D3236B01}"
EndProject
Project("{6EC3EE1D-3C4E-46DD-8F32-0CC8E7565705}") = "Fable.Jester.SnapshotLoader", "src\Fable.Jester.SnapshotLoader\Fable.Jester.SnapshotLoader.fsproj", "{55F1CB4A-F19C-41F3-9A49-DB7675C88A70}"
EndProject
Project("{2150E333-8FDC-42A3-9474-1A3956D46DE8}") = "docs", "docs", "{D05F59F8-14B6-44AB-8FE6-493EE0CA4A75}"
	ProjectSection(SolutionItems) = preProject
		docs\acknowledgment.md = docs\acknowledgment.md
		docs\contributing.md = docs\contributing.md
		docs\creating-tests.md = docs\creating-tests.md
		docs\index.html = docs\index.html
		docs\running-tests.md = docs\running-tests.md
	EndProjectSection
EndProject
Project("{2150E333-8FDC-42A3-9474-1A3956D46DE8}") = "installation", "installation", "{BE0829CD-A553-4C7B-AF61-146B1732B44E}"
	ProjectSection(SolutionItems) = preProject
		docs\installation\jest.md = docs\installation\jest.md
		docs\installation\react-testing-library.md = docs\installation\react-testing-library.md
	EndProjectSection
EndProject
Project("{2150E333-8FDC-42A3-9474-1A3956D46DE8}") = "jest", "jest", "{3312B9A9-80A1-4CE8-AC6F-708A2DDF2D41}"
	ProjectSection(SolutionItems) = preProject
		docs\jest\describe.md = docs\jest\describe.md
		docs\jest\expect-helpers.md = docs\jest\expect-helpers.md
		docs\jest\expect.md = docs\jest\expect.md
		docs\jest\globals.md = docs\jest\globals.md
		docs\jest\README.md = docs\jest\README.md
		docs\jest\test.md = docs\jest\test.md
	EndProjectSection
EndProject
Project("{2150E333-8FDC-42A3-9474-1A3956D46DE8}") = "rtl", "rtl", "{FB9E5277-7525-4AD5-92D6-DFEC55530DC2}"
	ProjectSection(SolutionItems) = preProject
		docs\rtl\queries-for-element.md = docs\rtl\queries-for-element.md
		docs\rtl\README.md = docs\rtl\README.md
		docs\rtl\render.md = docs\rtl\render.md
		docs\rtl\rtl.md = docs\rtl\rtl.md
	EndProjectSection
EndProject
Global
	GlobalSection(SolutionConfigurationPlatforms) = preSolution
		Debug|Any CPU = Debug|Any CPU
		Release|Any CPU = Release|Any CPU
	EndGlobalSection
	GlobalSection(ProjectConfigurationPlatforms) = postSolution
		{E03A3045-EEAB-4616-B0D8-A50A1B75F72B}.Debug|Any CPU.ActiveCfg = Debug|Any CPU
		{E03A3045-EEAB-4616-B0D8-A50A1B75F72B}.Debug|Any CPU.Build.0 = Debug|Any CPU
		{E03A3045-EEAB-4616-B0D8-A50A1B75F72B}.Release|Any CPU.ActiveCfg = Release|Any CPU
		{E03A3045-EEAB-4616-B0D8-A50A1B75F72B}.Release|Any CPU.Build.0 = Release|Any CPU
		{3211E1F1-10C7-4AA3-B951-8DA251755B91}.Debug|Any CPU.ActiveCfg = Debug|Any CPU
		{3211E1F1-10C7-4AA3-B951-8DA251755B91}.Debug|Any CPU.Build.0 = Debug|Any CPU
		{3211E1F1-10C7-4AA3-B951-8DA251755B91}.Release|Any CPU.ActiveCfg = Release|Any CPU
		{3211E1F1-10C7-4AA3-B951-8DA251755B91}.Release|Any CPU.Build.0 = Release|Any CPU
		{062D545C-F718-4DFA-85B6-0860B4D827C1}.Debug|Any CPU.ActiveCfg = Debug|Any CPU
		{062D545C-F718-4DFA-85B6-0860B4D827C1}.Debug|Any CPU.Build.0 = Debug|Any CPU
		{062D545C-F718-4DFA-85B6-0860B4D827C1}.Release|Any CPU.ActiveCfg = Release|Any CPU
		{062D545C-F718-4DFA-85B6-0860B4D827C1}.Release|Any CPU.Build.0 = Release|Any CPU
		{3280C17D-521D-425D-83FD-C7DB65AFDA84}.Debug|Any CPU.ActiveCfg = Debug|Any CPU
		{3280C17D-521D-425D-83FD-C7DB65AFDA84}.Debug|Any CPU.Build.0 = Debug|Any CPU
		{3280C17D-521D-425D-83FD-C7DB65AFDA84}.Release|Any CPU.ActiveCfg = Release|Any CPU
		{3280C17D-521D-425D-83FD-C7DB65AFDA84}.Release|Any CPU.Build.0 = Release|Any CPU
		{35FF5782-AC72-411E-AE42-9401D3236B01}.Debug|Any CPU.ActiveCfg = Debug|Any CPU
		{35FF5782-AC72-411E-AE42-9401D3236B01}.Debug|Any CPU.Build.0 = Debug|Any CPU
		{35FF5782-AC72-411E-AE42-9401D3236B01}.Release|Any CPU.ActiveCfg = Release|Any CPU
		{35FF5782-AC72-411E-AE42-9401D3236B01}.Release|Any CPU.Build.0 = Release|Any CPU
		{55F1CB4A-F19C-41F3-9A49-DB7675C88A70}.Debug|Any CPU.ActiveCfg = Debug|Any CPU
		{55F1CB4A-F19C-41F3-9A49-DB7675C88A70}.Debug|Any CPU.Build.0 = Debug|Any CPU
		{55F1CB4A-F19C-41F3-9A49-DB7675C88A70}.Release|Any CPU.ActiveCfg = Release|Any CPU
		{55F1CB4A-F19C-41F3-9A49-DB7675C88A70}.Release|Any CPU.Build.0 = Release|Any CPU
	EndGlobalSection
	GlobalSection(SolutionProperties) = preSolution
		HideSolutionNode = FALSE
	EndGlobalSection
	GlobalSection(NestedProjects) = preSolution
		{E03A3045-EEAB-4616-B0D8-A50A1B75F72B} = {55637037-300B-4FA5-8D14-B2CECCCD4B0D}
		{062D545C-F718-4DFA-85B6-0860B4D827C1} = {27F9F1A6-C6B4-4539-B013-8549B4A6E1B5}
		{3280C17D-521D-425D-83FD-C7DB65AFDA84} = {27F9F1A6-C6B4-4539-B013-8549B4A6E1B5}
		{BE0829CD-A553-4C7B-AF61-146B1732B44E} = {D05F59F8-14B6-44AB-8FE6-493EE0CA4A75}
		{3312B9A9-80A1-4CE8-AC6F-708A2DDF2D41} = {D05F59F8-14B6-44AB-8FE6-493EE0CA4A75}
		{FB9E5277-7525-4AD5-92D6-DFEC55530DC2} = {D05F59F8-14B6-44AB-8FE6-493EE0CA4A75}
	EndGlobalSection
	GlobalSection(ExtensibilityGlobals) = postSolution
		SolutionGuid = {96DAE6A9-B1CC-4FF7-B08C-D5FBFD55B385}
	EndGlobalSection
EndGlobal
